speakeasyVersion: 1.666.2
sources:
    my-source:
        sourceNamespace: my-source
        sourceRevisionDigest: sha256:cbc31dd9c1240c17dabc5904a9e9d35e25cc0c72614c0c7f0eef1a91ee9bca77
        sourceBlobDigest: sha256:737ddd44e076dbbfe0920817b147725bfdc270f2b4fa0e6aa729f6f3182925a7
        tags:
            - latest
            - speakeasy-sdk-regen-1764720754
            - "1.0"
targets:
    typescript-target:
        source: my-source
        sourceNamespace: my-source
        sourceRevisionDigest: sha256:cbc31dd9c1240c17dabc5904a9e9d35e25cc0c72614c0c7f0eef1a91ee9bca77
        sourceBlobDigest: sha256:737ddd44e076dbbfe0920817b147725bfdc270f2b4fa0e6aa729f6f3182925a7
        codeSamplesNamespace: my-source-typescript-code-samples
        codeSamplesRevisionDigest: sha256:8a0cd67cb2c66c171b8437ce8642847de57af29734185926d9d4ac521c2b2243
workflow:
    workflowVersion: 1.0.0
    speakeasyVersion: latest
    sources:
        my-source:
            inputs:
                - location: https://api.unified.to/openapi.json
            registry:
                location: registry.speakeasyapi.dev/unified/unified/my-source
    targets:
        typescript-target:
            target: typescript
            source: my-source
            publish:
                npm:
                    token: $NPM_TOKEN
            codeSamples:
                registry:
                    location: registry.speakeasyapi.dev/unified/unified/my-source-typescript-code-samples
                blocking: false
