speakeasyVersion: 1.789.1
sources:
    my-source:
        sourceNamespace: my-source
        sourceRevisionDigest: sha256:50ecc981abe678936c58c6e6d29c89309f1ba1caf554e5d16bf29a800ccab966
        sourceBlobDigest: sha256:7acb2d2fbd4ee451e743eefcecc92f2fb65424cbab86749dfe0484a57d9f0f62
        tags:
            - latest
            - "1.0"
targets:
    typescript-target:
        source: my-source
        sourceNamespace: my-source
        sourceRevisionDigest: sha256:50ecc981abe678936c58c6e6d29c89309f1ba1caf554e5d16bf29a800ccab966
        sourceBlobDigest: sha256:7acb2d2fbd4ee451e743eefcecc92f2fb65424cbab86749dfe0484a57d9f0f62
        codeSamplesNamespace: my-source-typescript-code-samples
        codeSamplesRevisionDigest: sha256:a2c0a3e6502250a2269a3fc94fcddce1b77160c137d9e43a335bd21a7c6ca4b4
workflow:
    workflowVersion: 1.0.0
    speakeasyVersion: latest
    sources:
        my-source:
            inputs:
                - location: https://api.unified.to/openapi.json
            registry:
                location: registry.speakeasyapi.dev/unified/unified/my-source
    targets:
        typescript-target:
            target: typescript
            source: my-source
            publish:
                npm:
                    token: $NPM_TOKEN
            codeSamples:
                registry:
                    location: registry.speakeasyapi.dev/unified/unified/my-source-typescript-code-samples
                blocking: false
