speakeasyVersion: 1.617.1
sources:
    my-source:
        sourceNamespace: my-source
        sourceRevisionDigest: sha256:f19a804ba8cc5e6198bc03aaf8e5064525ec18c4e39c425f3d02d25899af310e
        sourceBlobDigest: sha256:78192c72b5abc452fedc7fc4501e0f6de2e47be635949585c2cae1164c01c9bf
        tags:
            - latest
            - speakeasy-sdk-regen-1758067984
            - "1.0"
targets:
    typescript-target:
        source: my-source
        sourceNamespace: my-source
        sourceRevisionDigest: sha256:f19a804ba8cc5e6198bc03aaf8e5064525ec18c4e39c425f3d02d25899af310e
        sourceBlobDigest: sha256:78192c72b5abc452fedc7fc4501e0f6de2e47be635949585c2cae1164c01c9bf
        codeSamplesNamespace: my-source-typescript-code-samples
        codeSamplesRevisionDigest: sha256:f435bb7ac477202f7db588ed8d1407a3826f2ed1bbf32246102b2b11ac5f81ea
workflow:
    workflowVersion: 1.0.0
    speakeasyVersion: latest
    sources:
        my-source:
            inputs:
                - location: https://api.unified.to/openapi.json
                  authSecret: $openapi_doc_auth_token
            registry:
                location: registry.speakeasyapi.dev/unified/unified/my-source
    targets:
        typescript-target:
            target: typescript
            source: my-source
            publish:
                npm:
                    token: $NPM_TOKEN
            codeSamples:
                registry:
                    location: registry.speakeasyapi.dev/unified/unified/my-source-typescript-code-samples
                blocking: false
